
Microsoft Visual Studio Solution File, Format Version 12.00
# Visual Studio 15
VisualStudioVersion = 15.0.28307.136
MinimumVisualStudioVersion = 10.0.40219.1
Project("{FAE04EC0-301F-11D3-BF4B-00C04F79EFBC}") = "vCloudIssue", "vCloudIssue\vCloudIssue.csproj", "{D4599C55-DF98-450A-9578-904A1613332C}"
EndProject
Global
	GlobalSection(SolutionConfigurationPlatforms) = preSolution
		Debug|Any CPU = Debug|Any CPU
		Release|Any CPU = Release|Any CPU
	EndGlobalSection
	GlobalSection(ProjectConfigurationPlatforms) = postSolution
		{D4599C55-DF98-450A-9578-904A1613332C}.Debug|Any CPU.ActiveCfg = Debug|Any CPU
		{D4599C55-DF98-450A-9578-904A1613332C}.Debug|Any CPU.Build.0 = Debug|Any CPU
		{D4599C55-DF98-450A-9578-904A1613332C}.Release|Any CPU.ActiveCfg = Release|Any CPU
		{D4599C55-DF98-450A-9578-904A1613332C}.Release|Any CPU.Build.0 = Release|Any CPU
	EndGlobalSection
	GlobalSection(SolutionProperties) = preSolution
		HideSolutionNode = FALSE
	EndGlobalSection
	GlobalSection(ExtensibilityGlobals) = postSolution
		SolutionGuid = {C43ED751-F858-4D07-BD6D-90796136E112}
	EndGlobalSection
EndGlobal
